
Microsoft Visual Studio Solution File, Format Version 12.00
Project("{FAE04EC0-301F-11D3-BF4B-00C04F79EFBC}") = "DemoUnit.App", "DemoUnit.App\DemoUnit.App.csproj", "{FFB56C7B-21C7-4089-88CF-AC55CA2946E3}"
EndProject
Project("{FAE04EC0-301F-11D3-BF4B-00C04F79EFBC}") = "DemoUnit_Tests", "DemoUnit_Tests\DemoUnit_Tests.csproj", "{22AA6A28-D80F-4FB3-B6C9-BA6FF7F63689}"
EndProject
Global
	GlobalSection(SolutionConfigurationPlatforms) = preSolution
		Debug|Any CPU = Debug|Any CPU
		Release|Any CPU = Release|Any CPU
	EndGlobalSection
	GlobalSection(ProjectConfigurationPlatforms) = postSolution
		{FFB56C7B-21C7-4089-88CF-AC55CA2946E3}.Debug|Any CPU.ActiveCfg = Debug|Any CPU
		{FFB56C7B-21C7-4089-88CF-AC55CA2946E3}.Debug|Any CPU.Build.0 = Debug|Any CPU
		{FFB56C7B-21C7-4089-88CF-AC55CA2946E3}.Release|Any CPU.ActiveCfg = Release|Any CPU
		{FFB56C7B-21C7-4089-88CF-AC55CA2946E3}.Release|Any CPU.Build.0 = Release|Any CPU
		{22AA6A28-D80F-4FB3-B6C9-BA6FF7F63689}.Debug|Any CPU.ActiveCfg = Debug|Any CPU
		{22AA6A28-D80F-4FB3-B6C9-BA6FF7F63689}.Debug|Any CPU.Build.0 = Debug|Any CPU
		{22AA6A28-D80F-4FB3-B6C9-BA6FF7F63689}.Release|Any CPU.ActiveCfg = Release|Any CPU
		{22AA6A28-D80F-4FB3-B6C9-BA6FF7F63689}.Release|Any CPU.Build.0 = Release|Any CPU
	EndGlobalSection
EndGlobal
